
Microsoft Visual Studio Solution File, Format Version 12.00
# Visual Studio Version 18
VisualStudioVersion = 18.6.11822.322
MinimumVisualStudioVersion = 10.0.40219.1
Project("{FAE04EC0-301F-11D3-BF4B-00C04F79EFBC}") = "smartRestaurant.Core", "smartRestaurant.Core\smartRestaurant.Core.csproj", "{E480A4BB-59D5-1D8C-8E73-494C3F96037A}"
EndProject
Project("{FAE04EC0-301F-11D3-BF4B-00C04F79EFBC}") = "smartRestaurant.Application", "smartRestaurant.Application\smartRestaurant.Application.csproj", "{491FCAAD-7F4A-0CDC-369D-5BC8B553D9AA}"
EndProject
Project("{FAE04EC0-301F-11D3-BF4B-00C04F79EFBC}") = "smartRestaurant.API", "smartRestaurant.API\smartRestaurant.API.csproj", "{C66E3DDC-D8A5-92A8-2374-833711A269C0}"
EndProject
Project("{FAE04EC0-301F-11D3-BF4B-00C04F79EFBC}") = "smartRestaurant.Infrastructure", "smartRestaurant.Infrastructure\smartRestaurant.Infrastructure.csproj", "{7A4A546D-43AD-BA15-84C7-597CC0767D06}"
EndProject
Project("{FAE04EC0-301F-11D3-BF4B-00C04F79EFBC}") = "BuildingBlocks.Shared.Contracts", "..\BuildingBlocks\BuildingBlocks.Shared.Contracts\BuildingBlocks.Shared.Contracts.csproj", "{81A8B96C-C5C8-64E1-A3B1-927C3DCEA3FD}"
EndProject
Global
	GlobalSection(SolutionConfigurationPlatforms) = preSolution
		Debug|Any CPU = Debug|Any CPU
		Release|Any CPU = Release|Any CPU
	EndGlobalSection
	GlobalSection(ProjectConfigurationPlatforms) = postSolution
		{E480A4BB-59D5-1D8C-8E73-494C3F96037A}.Debug|Any CPU.ActiveCfg = Debug|Any CPU
		{E480A4BB-59D5-1D8C-8E73-494C3F96037A}.Debug|Any CPU.Build.0 = Debug|Any CPU
		{E480A4BB-59D5-1D8C-8E73-494C3F96037A}.Release|Any CPU.ActiveCfg = Release|Any CPU
		{E480A4BB-59D5-1D8C-8E73-494C3F96037A}.Release|Any CPU.Build.0 = Release|Any CPU
		{491FCAAD-7F4A-0CDC-369D-5BC8B553D9AA}.Debug|Any CPU.ActiveCfg = Debug|Any CPU
		{491FCAAD-7F4A-0CDC-369D-5BC8B553D9AA}.Debug|Any CPU.Build.0 = Debug|Any CPU
		{491FCAAD-7F4A-0CDC-369D-5BC8B553D9AA}.Release|Any CPU.ActiveCfg = Release|Any CPU
		{491FCAAD-7F4A-0CDC-369D-5BC8B553D9AA}.Release|Any CPU.Build.0 = Release|Any CPU
		{C66E3DDC-D8A5-92A8-2374-833711A269C0}.Debug|Any CPU.ActiveCfg = Debug|Any CPU
		{C66E3DDC-D8A5-92A8-2374-833711A269C0}.Debug|Any CPU.Build.0 = Debug|Any CPU
		{C66E3DDC-D8A5-92A8-2374-833711A269C0}.Release|Any CPU.ActiveCfg = Release|Any CPU
		{C66E3DDC-D8A5-92A8-2374-833711A269C0}.Release|Any CPU.Build.0 = Release|Any CPU
		{7A4A546D-43AD-BA15-84C7-597CC0767D06}.Debug|Any CPU.ActiveCfg = Debug|Any CPU
		{7A4A546D-43AD-BA15-84C7-597CC0767D06}.Debug|Any CPU.Build.0 = Debug|Any CPU
		{7A4A546D-43AD-BA15-84C7-597CC0767D06}.Release|Any CPU.ActiveCfg = Release|Any CPU
		{7A4A546D-43AD-BA15-84C7-597CC0767D06}.Release|Any CPU.Build.0 = Release|Any CPU
		{81A8B96C-C5C8-64E1-A3B1-927C3DCEA3FD}.Debug|Any CPU.ActiveCfg = Debug|Any CPU
		{81A8B96C-C5C8-64E1-A3B1-927C3DCEA3FD}.Debug|Any CPU.Build.0 = Debug|Any CPU
		{81A8B96C-C5C8-64E1-A3B1-927C3DCEA3FD}.Release|Any CPU.ActiveCfg = Release|Any CPU
		{81A8B96C-C5C8-64E1-A3B1-927C3DCEA3FD}.Release|Any CPU.Build.0 = Release|Any CPU
	EndGlobalSection
	GlobalSection(SolutionProperties) = preSolution
		HideSolutionNode = FALSE
	EndGlobalSection
	GlobalSection(ExtensibilityGlobals) = postSolution
		SolutionGuid = {E92B53B0-45D0-4863-8743-FE12DECF599E}
	EndGlobalSection
EndGlobal
